// !$*UTF8*$!
{
	archiveVersion = 1;
	classes = {
	};
	objectVersion = 50;
	objects = {

/* Begin PBXBuildFile section */
		F014A2CB24B72B07002A8543 /* ImageView.swift in Sources */ = {isa = PBXBuildFile; fileRef = F014A2CA24B72B07002A8543 /* ImageView.swift */; };
		F01D9CF424D19FBC0070D6B3 /* CellRow.swift in Sources */ = {isa = PBXBuildFile; fileRef = F01D9CF324D19FBC0070D6B3 /* CellRow.swift */; };
		F01D9CF724D1A2620070D6B3 /* ListModel.swift in Sources */ = {isa = PBXBuildFile; fileRef = F01D9CF624D1A2620070D6B3 /* ListModel.swift */; };
		F01D9CF924D1A3000070D6B3 /* MyFirstView.swift in Sources */ = {isa = PBXBuildFile; fileRef = F01D9CF824D1A3000070D6B3 /* MyFirstView.swift */; };
		F06F61C524DAE941002778DA /* LoginView.swift in Sources */ = {isa = PBXBuildFile; fileRef = F06F61C424DAE941002778DA /* LoginView.swift */; };
		F06F61C724DAEB9B002778DA /* String+Utility.swift in Sources */ = {isa = PBXBuildFile; fileRef = F06F61C624DAEB9B002778DA /* String+Utility.swift */; };
		F087E2CF24AF39E8003E3128 /* AppDelegate.swift in Sources */ = {isa = PBXBuildFile; fileRef = F087E2CE24AF39E8003E3128 /* AppDelegate.swift */; };
		F087E2D124AF39E8003E3128 /* SceneDelegate.swift in Sources */ = {isa = PBXBuildFile; fileRef = F087E2D024AF39E8003E3128 /* SceneDelegate.swift */; };
		F087E2D324AF39E8003E3128 /* ContentView.swift in Sources */ = {isa = PBXBuildFile; fileRef = F087E2D224AF39E8003E3128 /* ContentView.swift */; };
		F087E2D524AF39EC003E3128 /* Assets.xcassets in Resources */ = {isa = PBXBuildFile; fileRef = F087E2D424AF39EC003E3128 /* Assets.xcassets */; };
		F087E2D824AF39EC003E3128 /* Preview Assets.xcassets in Resources */ = {isa = PBXBuildFile; fileRef = F087E2D724AF39EC003E3128 /* Preview Assets.xcassets */; };
		F087E2DB24AF39EC003E3128 /* LaunchScreen.storyboard in Resources */ = {isa = PBXBuildFile; fileRef = F087E2D924AF39EC003E3128 /* LaunchScreen.storyboard */; };
		F0F4EB0924D5CE1900B0900C /* ContactInfo.swift in Sources */ = {isa = PBXBuildFile; fileRef = F0F4EB0824D5CE1900B0900C /* ContactInfo.swift */; };
		F0F4EB0B24D5CE8000B0900C /* ContactCell.swift in Sources */ = {isa = PBXBuildFile; fileRef = F0F4EB0A24D5CE8000B0900C /* ContactCell.swift */; };
		F0F4EB0D24D5D07500B0900C /* ContactView.swift in Sources */ = {isa = PBXBuildFile; fileRef = F0F4EB0C24D5D07500B0900C /* ContactView.swift */; };
		F0F4EB0F24D5D38A00B0900C /* ScrollingContactList.swift in Sources */ = {isa = PBXBuildFile; fileRef = F0F4EB0E24D5D38A00B0900C /* ScrollingContactList.swift */; };
/* End PBXBuildFile section */

/* Begin PBXFileReference section */
		F014A2CA24B72B07002A8543 /* ImageView.swift */ = {isa = PBXFileReference; lastKnownFileType = sourcecode.swift; path = ImageView.swift; sourceTree = "<group>"; };
		F01D9CF324D19FBC0070D6B3 /* CellRow.swift */ = {isa = PBXFileReference; lastKnownFileType = sourcecode.swift; path = CellRow.swift; sourceTree = "<group>"; };
		F01D9CF624D1A2620070D6B3 /* ListModel.swift */ = {isa = PBXFileReference; lastKnownFileType = sourcecode.swift; path = ListModel.swift; sourceTree = "<group>"; };
		F01D9CF824D1A3000070D6B3 /* MyFirstView.swift */ = {isa = PBXFileReference; lastKnownFileType = sourcecode.swift; path = MyFirstView.swift; sourceTree = "<group>"; };
		F06F61C424DAE941002778DA /* LoginView.swift */ = {isa = PBXFileReference; lastKnownFileType = sourcecode.swift; path = LoginView.swift; sourceTree = "<group>"; };
		F06F61C624DAEB9B002778DA /* String+Utility.swift */ = {isa = PBXFileReference; lastKnownFileType = sourcecode.swift; path = "String+Utility.swift"; sourceTree = "<group>"; };
		F087E2CB24AF39E8003E3128 /* 100DaysOfSwiftUI.app */ = {isa = PBXFileReference; explicitFileType = wrapper.application; includeInIndex = 0; path = 100DaysOfSwiftUI.app; sourceTree = BUILT_PRODUCTS_DIR; };
		F087E2CE24AF39E8003E3128 /* AppDelegate.swift */ = {isa = PBXFileReference; lastKnownFileType = sourcecode.swift; path = AppDelegate.swift; sourceTree = "<group>"; };
		F087E2D024AF39E8003E3128 /* SceneDelegate.swift */ = {isa = PBXFileReference; lastKnownFileType = sourcecode.swift; path = SceneDelegate.swift; sourceTree = "<group>"; };
		F087E2D224AF39E8003E3128 /* ContentView.swift */ = {isa = PBXFileReference; lastKnownFileType = sourcecode.swift; path = ContentView.swift; sourceTree = "<group>"; };
		F087E2D424AF39EC003E3128 /* Assets.xcassets */ = {isa = PBXFileReference; lastKnownFileType = folder.assetcatalog; path = Assets.xcassets; sourceTree = "<group>"; };
		F087E2D724AF39EC003E3128 /* Preview Assets.xcassets */ = {isa = PBXFileReference; lastKnownFileType = folder.assetcatalog; path = "Preview Assets.xcassets"; sourceTree = "<group>"; };
		F087E2DA24AF39EC003E3128 /* Base */ = {isa = PBXFileReference; lastKnownFileType = file.storyboard; name = Base; path = Base.lproj/LaunchScreen.storyboard; sourceTree = "<group>"; };
		F087E2DC24AF39EC003E3128 /* Info.plist */ = {isa = PBXFileReference; lastKnownFileType = text.plist.xml; path = Info.plist; sourceTree = "<group>"; };
		F0F4EB0824D5CE1900B0900C /* ContactInfo.swift */ = {isa = PBXFileReference; lastKnownFileType = sourcecode.swift; path = ContactInfo.swift; sourceTree = "<group>"; };
		F0F4EB0A24D5CE8000B0900C /* ContactCell.swift */ = {isa = PBXFileReference; lastKnownFileType = sourcecode.swift; path = ContactCell.swift; sourceTree = "<group>"; };
		F0F4EB0C24D5D07500B0900C /* ContactView.swift */ = {isa = PBXFileReference; lastKnownFileType = sourcecode.swift; path = ContactView.swift; sourceTree = "<group>"; };
		F0F4EB0E24D5D38A00B0900C /* ScrollingContactList.swift */ = {isa = PBXFileReference; lastKnownFileType = sourcecode.swift; path = ScrollingContactList.swift; sourceTree = "<group>"; };
/* End PBXFileReference section */

/* Begin PBXFrameworksBuildPhase section */
		F087E2C824AF39E8003E3128 /* Frameworks */ = {
			isa = PBXFrameworksBuildPhase;
			buildActionMask = 2147483647;
			files = (
			);
			runOnlyForDeploymentPostprocessing = 0;
		};
/* End PBXFrameworksBuildPhase section */

/* Begin PBXGroup section */
		F06F61C324DAE92C002778DA /* WeekFive */ = {
			isa = PBXGroup;
			children = (
				F06F61C424DAE941002778DA /* LoginView.swift */,
				F06F61C624DAEB9B002778DA /* String+Utility.swift */,
			);
			path = WeekFive;
			sourceTree = "<group>";
		};
		F087E2C224AF39E8003E3128 = {
			isa = PBXGroup;
			children = (
				F087E2CD24AF39E8003E3128 /* 100DaysOfSwiftUI */,
				F087E2CC24AF39E8003E3128 /* Products */,
			);
			sourceTree = "<group>";
		};
		F087E2CC24AF39E8003E3128 /* Products */ = {
			isa = PBXGroup;
			children = (
				F087E2CB24AF39E8003E3128 /* 100DaysOfSwiftUI.app */,
			);
			name = Products;
			sourceTree = "<group>";
		};
		F087E2CD24AF39E8003E3128 /* 100DaysOfSwiftUI */ = {
			isa = PBXGroup;
			children = (
				F06F61C324DAE92C002778DA /* WeekFive */,
				F0F4EB0724D5CDBF00B0900C /* WeekTwo */,
				F0F4EB0624D5CDAA00B0900C /* WeekThree */,
				F0F4EB0524D5CD9D00B0900C /* WeekFour */,
				F087E2CE24AF39E8003E3128 /* AppDelegate.swift */,
				F087E2D024AF39E8003E3128 /* SceneDelegate.swift */,
				F087E2D224AF39E8003E3128 /* ContentView.swift */,
				F087E2D424AF39EC003E3128 /* Assets.xcassets */,
				F087E2D924AF39EC003E3128 /* LaunchScreen.storyboard */,
				F087E2DC24AF39EC003E3128 /* Info.plist */,
				F087E2D624AF39EC003E3128 /* Preview Content */,
			);
			path = 100DaysOfSwiftUI;
			sourceTree = "<group>";
		};
		F087E2D624AF39EC003E3128 /* Preview Content */ = {
			isa = PBXGroup;
			children = (
				F087E2D724AF39EC003E3128 /* Preview Assets.xcassets */,
			);
			path = "Preview Content";
			sourceTree = "<group>";
		};
		F0F4EB0524D5CD9D00B0900C /* WeekFour */ = {
			isa = PBXGroup;
			children = (
				F0F4EB0824D5CE1900B0900C /* ContactInfo.swift */,
				F0F4EB0A24D5CE8000B0900C /* ContactCell.swift */,
				F0F4EB0C24D5D07500B0900C /* ContactView.swift */,
				F0F4EB0E24D5D38A00B0900C /* ScrollingContactList.swift */,
			);
			path = WeekFour;
			sourceTree = "<group>";
		};
		F0F4EB0624D5CDAA00B0900C /* WeekThree */ = {
			isa = PBXGroup;
			children = (
				F01D9CF324D19FBC0070D6B3 /* CellRow.swift */,
				F01D9CF624D1A2620070D6B3 /* ListModel.swift */,
				F01D9CF824D1A3000070D6B3 /* MyFirstView.swift */,
			);
			path = WeekThree;
			sourceTree = "<group>";
		};
		F0F4EB0724D5CDBF00B0900C /* WeekTwo */ = {
			isa = PBXGroup;
			children = (
				F014A2CA24B72B07002A8543 /* ImageView.swift */,
			);
			path = WeekTwo;
			sourceTree = "<group>";
		};
/* End PBXGroup section */

/* Begin PBXNativeTarget section */
		F087E2CA24AF39E8003E3128 /* 100DaysOfSwiftUI */ = {
			isa = PBXNativeTarget;
			buildConfigurationList = F087E2DF24AF39EC003E3128 /* Build configuration list for PBXNativeTarget "100DaysOfSwiftUI" */;
			buildPhases = (
				F087E2C724AF39E8003E3128 /* Sources */,
				F087E2C824AF39E8003E3128 /* Frameworks */,
				F087E2C924AF39E8003E3128 /* Resources */,
			);
			buildRules = (
			);
			dependencies = (
			);
			name = 100DaysOfSwiftUI;
			productName = 100DaysOfSwiftUI;
			productReference = F087E2CB24AF39E8003E3128 /* 100DaysOfSwiftUI.app */;
			productType = "com.apple.product-type.application";
		};
/* End PBXNativeTarget section */

/* Begin PBXProject section */
		F087E2C324AF39E8003E3128 /* Project object */ = {
			isa = PBXProject;
			attributes = {
				LastSwiftUpdateCheck = 1150;
				LastUpgradeCheck = 1150;
				ORGANIZATIONNAME = "Punde, Rasika Nanasaheb (US - Mumbai)";
				TargetAttributes = {
					F087E2CA24AF39E8003E3128 = {
						CreatedOnToolsVersion = 11.5;
					};
				};
			};
			buildConfigurationList = F087E2C624AF39E8003E3128 /* Build configuration list for PBXProject "100DaysOfSwiftUI" */;
			compatibilityVersion = "Xcode 9.3";
			developmentRegion = en;
			hasScannedForEncodings = 0;
			knownRegions = (
				en,
				Base,
			);
			mainGroup = F087E2C224AF39E8003E3128;
			productRefGroup = F087E2CC24AF39E8003E3128 /* Products */;
			projectDirPath = "";
			projectRoot = "";
			targets = (
				F087E2CA24AF39E8003E3128 /* 100DaysOfSwiftUI */,
			);
		};
/* End PBXProject section */

/* Begin PBXResourcesBuildPhase section */
		F087E2C924AF39E8003E3128 /* Resources */ = {
			isa = PBXResourcesBuildPhase;
			buildActionMask = 2147483647;
			files = (
				F087E2DB24AF39EC003E3128 /* LaunchScreen.storyboard in Resources */,
				F087E2D824AF39EC003E3128 /* Preview Assets.xcassets in Resources */,
				F087E2D524AF39EC003E3128 /* Assets.xcassets in Resources */,
			);
			runOnlyForDeploymentPostprocessing = 0;
		};
/* End PBXResourcesBuildPhase section */

/* Begin PBXSourcesBuildPhase section */
		F087E2C724AF39E8003E3128 /* Sources */ = {
			isa = PBXSourcesBuildPhase;
			buildActionMask = 2147483647;
			files = (
				F0F4EB0B24D5CE8000B0900C /* ContactCell.swift in Sources */,
				F01D9CF924D1A3000070D6B3 /* MyFirstView.swift in Sources */,
				F014A2CB24B72B07002A8543 /* ImageView.swift in Sources */,
				F0F4EB0D24D5D07500B0900C /* ContactView.swift in Sources */,
				F06F61C724DAEB9B002778DA /* String+Utility.swift in Sources */,
				F01D9CF724D1A2620070D6B3 /* ListModel.swift in Sources */,
				F087E2CF24AF39E8003E3128 /* AppDelegate.swift in Sources */,
				F06F61C524DAE941002778DA /* LoginView.swift in Sources */,
				F0F4EB0924D5CE1900B0900C /* ContactInfo.swift in Sources */,
				F087E2D124AF39E8003E3128 /* SceneDelegate.swift in Sources */,
				F0F4EB0F24D5D38A00B0900C /* ScrollingContactList.swift in Sources */,
				F01D9CF424D19FBC0070D6B3 /* CellRow.swift in Sources */,
				F087E2D324AF39E8003E3128 /* ContentView.swift in Sources */,
			);
			runOnlyForDeploymentPostprocessing = 0;
		};
/* End PBXSourcesBuildPhase section */

/* Begin PBXVariantGroup section */
		F087E2D924AF39EC003E3128 /* LaunchScreen.storyboard */ = {
			isa = PBXVariantGroup;
			children = (
				F087E2DA24AF39EC003E3128 /* Base */,
			);
			name = LaunchScreen.storyboard;
			sourceTree = "<group>";
		};
/* End PBXVariantGroup section */

/* Begin XCBuildConfiguration section */
		F087E2DD24AF39EC003E3128 /* Debug */ = {
			isa = XCBuildConfiguration;
			buildSettings = {
				ALWAYS_SEARCH_USER_PATHS = NO;
				CLANG_ANALYZER_NONNULL = YES;
				CLANG_ANALYZER_NUMBER_OBJECT_CONVERSION = YES_AGGRESSIVE;
				CLANG_CXX_LANGUAGE_STANDARD = "gnu++14";
				CLANG_CXX_LIBRARY = "libc++";
				CLANG_ENABLE_MODULES = YES;
				CLANG_ENABLE_OBJC_ARC = YES;
				CLANG_ENABLE_OBJC_WEAK = YES;
				CLANG_WARN_BLOCK_CAPTURE_AUTORELEASING = YES;
				CLANG_WARN_BOOL_CONVERSION = YES;
				CLANG_WARN_COMMA = YES;
				CLANG_WARN_CONSTANT_CONVERSION = YES;
				CLANG_WARN_DEPRECATED_OBJC_IMPLEMENTATIONS = YES;
				CLANG_WARN_DIRECT_OBJC_ISA_USAGE = YES_ERROR;
				CLANG_WARN_DOCUMENTATION_COMMENTS = YES;
				CLANG_WARN_EMPTY_BODY = YES;
				CLANG_WARN_ENUM_CONVERSION = YES;
				CLANG_WARN_INFINITE_RECURSION = YES;
				CLANG_WARN_INT_CONVERSION = YES;
				CLANG_WARN_NON_LITERAL_NULL_CONVERSION = YES;
				CLANG_WARN_OBJC_IMPLICIT_RETAIN_SELF = YES;
				CLANG_WARN_OBJC_LITERAL_CONVERSION = YES;
				CLANG_WARN_OBJC_ROOT_CLASS = YES_ERROR;
				CLANG_WARN_RANGE_LOOP_ANALYSIS = YES;
				CLANG_WARN_STRICT_PROTOTYPES = YES;
				CLANG_WARN_SUSPICIOUS_MOVE = YES;
				CLANG_WARN_UNGUARDED_AVAILABILITY = YES_AGGRESSIVE;
				CLANG_WARN_UNREACHABLE_CODE = YES;
				CLANG_WARN__DUPLICATE_METHOD_MATCH = YES;
				COPY_PHASE_STRIP = NO;
				DEBUG_INFORMATION_FORMAT = dwarf;
				ENABLE_STRICT_OBJC_MSGSEND = YES;
				ENABLE_TESTABILITY = YES;
				GCC_C_LANGUAGE_STANDARD = gnu11;
				GCC_DYNAMIC_NO_PIC = NO;
				GCC_NO_COMMON_BLOCKS = YES;
				GCC_OPTIMIZATION_LEVEL = 0;
				GCC_PREPROCESSOR_DEFINITIONS = (
					"DEBUG=1",
					"$(inherited)",
				);
				GCC_WARN_64_TO_32_BIT_CONVERSION = YES;
				GCC_WARN_ABOUT_RETURN_TYPE = YES_ERROR;
				GCC_WARN_UNDECLARED_SELECTOR = YES;
				GCC_WARN_UNINITIALIZED_AUTOS = YES_AGGRESSIVE;
				GCC_WARN_UNUSED_FUNCTION = YES;
				GCC_WARN_UNUSED_VARIABLE = YES;
				IPHONEOS_DEPLOYMENT_TARGET = 13.5;
				MTL_ENABLE_DEBUG_INFO = INCLUDE_SOURCE;
				MTL_FAST_MATH = YES;
				ONLY_ACTIVE_ARCH = YES;
				SDKROOT = iphoneos;
				SWIFT_ACTIVE_COMPILATION_CONDITIONS = DEBUG;
				SWIFT_OPTIMIZATION_LEVEL = "-Onone";
			};
			name = Debug;
		};
		F087E2DE24AF39EC003E3128 /* Release */ = {
			isa = XCBuildConfiguration;
			buildSettings = {
				ALWAYS_SEARCH_USER_PATHS = NO;
				CLANG_ANALYZER_NONNULL = YES;
				CLANG_ANALYZER_NUMBER_OBJECT_CONVERSION = YES_AGGRESSIVE;
				CLANG_CXX_LANGUAGE_STANDARD = "gnu++14";
				CLANG_CXX_LIBRARY = "libc++";
				CLANG_ENABLE_MODULES = YES;
				CLANG_ENABLE_OBJC_ARC = YES;
				CLANG_ENABLE_OBJC_WEAK = YES;
				CLANG_WARN_BLOCK_CAPTURE_AUTORELEASING = YES;
				CLANG_WARN_BOOL_CONVERSION = YES;
				CLANG_WARN_COMMA = YES;
				CLANG_WARN_CONSTANT_CONVERSION = YES;
				CLANG_WARN_DEPRECATED_OBJC_IMPLEMENTATIONS = YES;
				CLANG_WARN_DIRECT_OBJC_ISA_USAGE = YES_ERROR;
				CLANG_WARN_DOCUMENTATION_COMMENTS = YES;
				CLANG_WARN_EMPTY_BODY = YES;
				CLANG_WARN_ENUM_CONVERSION = YES;
				CLANG_WARN_INFINITE_RECURSION = YES;
				CLANG_WARN_INT_CONVERSION = YES;
				CLANG_WARN_NON_LITERAL_NULL_CONVERSION = YES;
				CLANG_WARN_OBJC_IMPLICIT_RETAIN_SELF = YES;
				CLANG_WARN_OBJC_LITERAL_CONVERSION = YES;
				CLANG_WARN_OBJC_ROOT_CLASS = YES_ERROR;
				CLANG_WARN_RANGE_LOOP_ANALYSIS = YES;
				CLANG_WARN_STRICT_PROTOTYPES = YES;
				CLANG_WARN_SUSPICIOUS_MOVE = YES;
				CLANG_WARN_UNGUARDED_AVAILABILITY = YES_AGGRESSIVE;
				CLANG_WARN_UNREACHABLE_CODE = YES;
				CLANG_WARN__DUPLICATE_METHOD_MATCH = YES;
				COPY_PHASE_STRIP = NO;
				DEBUG_INFORMATION_FORMAT = "dwarf-with-dsym";
				ENABLE_NS_ASSERTIONS = NO;
				ENABLE_STRICT_OBJC_MSGSEND = YES;
				GCC_C_LANGUAGE_STANDARD = gnu11;
				GCC_NO_COMMON_BLOCKS = YES;
				GCC_WARN_64_TO_32_BIT_CONVERSION = YES;
				GCC_WARN_ABOUT_RETURN_TYPE = YES_ERROR;
				GCC_WARN_UNDECLARED_SELECTOR = YES;
				GCC_WARN_UNINITIALIZED_AUTOS = YES_AGGRESSIVE;
				GCC_WARN_UNUSED_FUNCTION = YES;
				GCC_WARN_UNUSED_VARIABLE = YES;
				IPHONEOS_DEPLOYMENT_TARGET = 13.5;
				MTL_ENABLE_DEBUG_INFO = NO;
				MTL_FAST_MATH = YES;
				SDKROOT = iphoneos;
				SWIFT_COMPILATION_MODE = wholemodule;
				SWIFT_OPTIMIZATION_LEVEL = "-O";
				VALIDATE_PRODUCT = YES;
			};
			name = Release;
		};
		F087E2E024AF39EC003E3128 /* Debug */ = {
			isa = XCBuildConfiguration;
			buildSettings = {
				ASSETCATALOG_COMPILER_APPICON_NAME = AppIcon;
				CODE_SIGN_STYLE = Automatic;
				DEVELOPMENT_ASSET_PATHS = "\"100DaysOfSwiftUI/Preview Content\"";
				DEVELOPMENT_TEAM = 8CA6T82H7R;
				ENABLE_PREVIEWS = YES;
				INFOPLIST_FILE = 100DaysOfSwiftUI/Info.plist;
				LD_RUNPATH_SEARCH_PATHS = (
					"$(inherited)",
					"@executable_path/Frameworks",
				);
				PRODUCT_BUNDLE_IDENTIFIER = "com.rasika.-00DaysOfSwiftUI";
				PRODUCT_NAME = "$(TARGET_NAME)";
				SWIFT_VERSION = 5.0;
				TARGETED_DEVICE_FAMILY = "1,2";
			};
			name = Debug;
		};
		F087E2E124AF39EC003E3128 /* Release */ = {
			isa = XCBuildConfiguration;
			buildSettings = {
				ASSETCATALOG_COMPILER_APPICON_NAME = AppIcon;
				CODE_SIGN_STYLE = Automatic;
				DEVELOPMENT_ASSET_PATHS = "\"100DaysOfSwiftUI/Preview Content\"";
				DEVELOPMENT_TEAM = 8CA6T82H7R;
				ENABLE_PREVIEWS = YES;
				INFOPLIST_FILE = 100DaysOfSwiftUI/Info.plist;
				LD_RUNPATH_SEARCH_PATHS = (
					"$(inherited)",
					"@executable_path/Frameworks",
				);
				PRODUCT_BUNDLE_IDENTIFIER = "com.rasika.-00DaysOfSwiftUI";
				PRODUCT_NAME = "$(TARGET_NAME)";
				SWIFT_VERSION = 5.0;
				TARGETED_DEVICE_FAMILY = "1,2";
			};
			name = Release;
		};
/* End XCBuildConfiguration section */

/* Begin XCConfigurationList section */
		F087E2C624AF39E8003E3128 /* Build configuration list for PBXProject "100DaysOfSwiftUI" */ = {
			isa = XCConfigurationList;
			buildConfigurations = (
				F087E2DD24AF39EC003E3128 /* Debug */,
				F087E2DE24AF39EC003E3128 /* Release */,
			);
			defaultConfigurationIsVisible = 0;
			defaultConfigurationName = Release;
		};
		F087E2DF24AF39EC003E3128 /* Build configuration list for PBXNativeTarget "100DaysOfSwiftUI" */ = {
			isa = XCConfigurationList;
			buildConfigurations = (
				F087E2E024AF39EC003E3128 /* Debug */,
				F087E2E124AF39EC003E3128 /* Release */,
			);
			defaultConfigurationIsVisible = 0;
			defaultConfigurationName = Release;
		};
/* End XCConfigurationList section */
	};
	rootObject = F087E2C324AF39E8003E3128 /* Project object */;
}
